// !$*UTF8*$!
{
	archiveVersion = 1;
	classes = {
	};
	objectVersion = 46;
	objects = {

/* Begin PBXBuildFile section */
		85E7E9D41AD75BB600663F07 /* Foundation.framework in Frameworks */ = {isa = PBXBuildFile; fileRef = 85E7E9D31AD75BB600663F07 /* Foundation.framework */; };
		85E7E9D61AD75BB600663F07 /* CoreGraphics.framework in Frameworks */ = {isa = PBXBuildFile; fileRef = 85E7E9D51AD75BB600663F07 /* CoreGraphics.framework */; };
		85E7E9D81AD75BB600663F07 /* UIKit.framework in Frameworks */ = {isa = PBXBuildFile; fileRef = 85E7E9D71AD75BB600663F07 /* UIKit.framework */; };
		85E7E9DE1AD75BB600663F07 /* InfoPlist.strings in Resources */ = {isa = PBXBuildFile; fileRef = 85E7E9DC1AD75BB600663F07 /* InfoPlist.strings */; };
		85E7E9E01AD75BB600663F07 /* main.m in Sources */ = {isa = PBXBuildFile; fileRef = 85E7E9DF1AD75BB600663F07 /* main.m */; };
		85E7E9E41AD75BB600663F07 /* AppDelegate.m in Sources */ = {isa = PBXBuildFile; fileRef = 85E7E9E31AD75BB600663F07 /* AppDelegate.m */; };
		85E7E9E71AD75BB600663F07 /* Main.storyboard in Resources */ = {isa = PBXBuildFile; fileRef = 85E7E9E51AD75BB600663F07 /* Main.storyboard */; };
		85E7E9EA1AD75BB600663F07 /* ViewController.m in Sources */ = {isa = PBXBuildFile; fileRef = 85E7E9E91AD75BB600663F07 /* ViewController.m */; };
		85E7E9EC1AD75BB600663F07 /* Images.xcassets in Resources */ = {isa = PBXBuildFile; fileRef = 85E7E9EB1AD75BB600663F07 /* Images.xcassets */; };
		85E7E9F31AD75BB600663F07 /* XCTest.framework in Frameworks */ = {isa = PBXBuildFile; fileRef = 85E7E9F21AD75BB600663F07 /* XCTest.framework */; };
		85E7E9F41AD75BB600663F07 /* Foundation.framework in Frameworks */ = {isa = PBXBuildFile; fileRef = 85E7E9D31AD75BB600663F07 /* Foundation.framework */; };
		85E7E9F51AD75BB600663F07 /* UIKit.framework in Frameworks */ = {isa = PBXBuildFile; fileRef = 85E7E9D71AD75BB600663F07 /* UIKit.framework */; };
		85E7E9FD1AD75BB600663F07 /* InfoPlist.strings in Resources */ = {isa = PBXBuildFile; fileRef = 85E7E9FB1AD75BB600663F07 /* InfoPlist.strings */; };
		85E7E9FF1AD75BB600663F07 /* Day21XMPPTests.m in Sources */ = {isa = PBXBuildFile; fileRef = 85E7E9FE1AD75BB600663F07 /* Day21XMPPTests.m */; };
/* End PBXBuildFile section */

/* Begin PBXContainerItemProxy section */
		85E7E9F61AD75BB600663F07 /* PBXContainerItemProxy */ = {
			isa = PBXContainerItemProxy;
			containerPortal = 85E7E9C81AD75BB600663F07 /* Project object */;
			proxyType = 1;
			remoteGlobalIDString = 85E7E9CF1AD75BB600663F07;
			remoteInfo = Day21XMPP;
		};
/* End PBXContainerItemProxy section */

/* Begin PBXFileReference section */
		85E7E9D01AD75BB600663F07 /* Day21XMPP.app */ = {isa = PBXFileReference; explicitFileType = wrapper.application; includeInIndex = 0; path = Day21XMPP.app; sourceTree = BUILT_PRODUCTS_DIR; };
		85E7E9D31AD75BB600663F07 /* Foundation.framework */ = {isa = PBXFileReference; lastKnownFileType = wrapper.framework; name = Foundation.framework; path = System/Library/Frameworks/Foundation.framework; sourceTree = SDKROOT; };
		85E7E9D51AD75BB600663F07 /* CoreGraphics.framework */ = {isa = PBXFileReference; lastKnownFileType = wrapper.framework; name = CoreGraphics.framework; path = System/Library/Frameworks/CoreGraphics.framework; sourceTree = SDKROOT; };
		85E7E9D71AD75BB600663F07 /* UIKit.framework */ = {isa = PBXFileReference; lastKnownFileType = wrapper.framework; name = UIKit.framework; path = System/Library/Frameworks/UIKit.framework; sourceTree = SDKROOT; };
		85E7E9DB1AD75BB600663F07 /* Day21XMPP-Info.plist */ = {isa = PBXFileReference; lastKnownFileType = text.plist.xml; path = "Day21XMPP-Info.plist"; sourceTree = "<group>"; };
		85E7E9DD1AD75BB600663F07 /* en */ = {isa = PBXFileReference; lastKnownFileType = text.plist.strings; name = en; path = en.lproj/InfoPlist.strings; sourceTree = "<group>"; };
		85E7E9DF1AD75BB600663F07 /* main.m */ = {isa = PBXFileReference; lastKnownFileType = sourcecode.c.objc; path = main.m; sourceTree = "<group>"; };
		85E7E9E11AD75BB600663F07 /* Day21XMPP-Prefix.pch */ = {isa = PBXFileReference; lastKnownFileType = sourcecode.c.h; path = "Day21XMPP-Prefix.pch"; sourceTree = "<group>"; };
		85E7E9E21AD75BB600663F07 /* AppDelegate.h */ = {isa = PBXFileReference; lastKnownFileType = sourcecode.c.h; path = AppDelegate.h; sourceTree = "<group>"; };
		85E7E9E31AD75BB600663F07 /* AppDelegate.m */ = {isa = PBXFileReference; lastKnownFileType = sourcecode.c.objc; path = AppDelegate.m; sourceTree = "<group>"; };
		85E7E9E61AD75BB600663F07 /* Base */ = {isa = PBXFileReference; lastKnownFileType = file.storyboard; name = Base; path = Base.lproj/Main.storyboard; sourceTree = "<group>"; };
		85E7E9E81AD75BB600663F07 /* ViewController.h */ = {isa = PBXFileReference; lastKnownFileType = sourcecode.c.h; path = ViewController.h; sourceTree = "<group>"; };
		85E7E9E91AD75BB600663F07 /* ViewController.m */ = {isa = PBXFileReference; lastKnownFileType = sourcecode.c.objc; path = ViewController.m; sourceTree = "<group>"; };
		85E7E9EB1AD75BB600663F07 /* Images.xcassets */ = {isa = PBXFileReference; lastKnownFileType = folder.assetcatalog; path = Images.xcassets; sourceTree = "<group>"; };
		85E7E9F11AD75BB600663F07 /* Day21XMPPTests.xctest */ = {isa = PBXFileReference; explicitFileType = wrapper.cfbundle; includeInIndex = 0; path = Day21XMPPTests.xctest; sourceTree = BUILT_PRODUCTS_DIR; };
		85E7E9F21AD75BB600663F07 /* XCTest.framework */ = {isa = PBXFileReference; lastKnownFileType = wrapper.framework; name = XCTest.framework; path = Library/Frameworks/XCTest.framework; sourceTree = DEVELOPER_DIR; };
		85E7E9FA1AD75BB600663F07 /* Day21XMPPTests-Info.plist */ = {isa = PBXFileReference; lastKnownFileType = text.plist.xml; path = "Day21XMPPTests-Info.plist"; sourceTree = "<group>"; };
		85E7E9FC1AD75BB600663F07 /* en */ = {isa = PBXFileReference; lastKnownFileType = text.plist.strings; name = en; path = en.lproj/InfoPlist.strings; sourceTree = "<group>"; };
		85E7E9FE1AD75BB600663F07 /* Day21XMPPTests.m */ = {isa = PBXFileReference; lastKnownFileType = sourcecode.c.objc; path = Day21XMPPTests.m; sourceTree = "<group>"; };
/* End PBXFileReference section */

/* Begin PBXFrameworksBuildPhase section */
		85E7E9CD1AD75BB600663F07 /* Frameworks */ = {
			isa = PBXFrameworksBuildPhase;
			buildActionMask = 2147483647;
			files = (
				85E7E9D61AD75BB600663F07 /* CoreGraphics.framework in Frameworks */,
				85E7E9D81AD75BB600663F07 /* UIKit.framework in Frameworks */,
				85E7E9D41AD75BB600663F07 /* Foundation.framework in Frameworks */,
			);
			runOnlyForDeploymentPostprocessing = 0;
		};
		85E7E9EE1AD75BB600663F07 /* Frameworks */ = {
			isa = PBXFrameworksBuildPhase;
			buildActionMask = 2147483647;
			files = (
				85E7E9F31AD75BB600663F07 /* XCTest.framework in Frameworks */,
				85E7E9F51AD75BB600663F07 /* UIKit.framework in Frameworks */,
				85E7E9F41AD75BB600663F07 /* Foundation.framework in Frameworks */,
			);
			runOnlyForDeploymentPostprocessing = 0;
		};
/* End PBXFrameworksBuildPhase section */

/* Begin PBXGroup section */
		85E7E9C71AD75BB600663F07 = {
			isa = PBXGroup;
			children = (
				85E7E9D91AD75BB600663F07 /* Day21XMPP */,
				85E7E9F81AD75BB600663F07 /* Day21XMPPTests */,
				85E7E9D21AD75BB600663F07 /* Frameworks */,
				85E7E9D11AD75BB600663F07 /* Products */,
			);
			sourceTree = "<group>";
		};
		85E7E9D11AD75BB600663F07 /* Products */ = {
			isa = PBXGroup;
			children = (
				85E7E9D01AD75BB600663F07 /* Day21XMPP.app */,
				85E7E9F11AD75BB600663F07 /* Day21XMPPTests.xctest */,
			);
			name = Products;
			sourceTree = "<group>";
		};
		85E7E9D21AD75BB600663F07 /* Frameworks */ = {
			isa = PBXGroup;
			children = (
				85E7E9D31AD75BB600663F07 /* Foundation.framework */,
				85E7E9D51AD75BB600663F07 /* CoreGraphics.framework */,
				85E7E9D71AD75BB600663F07 /* UIKit.framework */,
				85E7E9F21AD75BB600663F07 /* XCTest.framework */,
			);
			name = Frameworks;
			sourceTree = "<group>";
		};
		85E7E9D91AD75BB600663F07 /* Day21XMPP */ = {
			isa = PBXGroup;
			children = (
				85E7E9E21AD75BB600663F07 /* AppDelegate.h */,
				85E7E9E31AD75BB600663F07 /* AppDelegate.m */,
				85E7E9E51AD75BB600663F07 /* Main.storyboard */,
				85E7E9E81AD75BB600663F07 /* ViewController.h */,
				85E7E9E91AD75BB600663F07 /* ViewController.m */,
				85E7E9EB1AD75BB600663F07 /* Images.xcassets */,
				85E7E9DA1AD75BB600663F07 /* Supporting Files */,
			);
			path = Day21XMPP;
			sourceTree = "<group>";
		};
		85E7E9DA1AD75BB600663F07 /* Supporting Files */ = {
			isa = PBXGroup;
			children = (
				85E7E9DB1AD75BB600663F07 /* Day21XMPP-Info.plist */,
				85E7E9DC1AD75BB600663F07 /* InfoPlist.strings */,
				85E7E9DF1AD75BB600663F07 /* main.m */,
				85E7E9E11AD75BB600663F07 /* Day21XMPP-Prefix.pch */,
			);
			name = "Supporting Files";
			sourceTree = "<group>";
		};
		85E7E9F81AD75BB600663F07 /* Day21XMPPTests */ = {
			isa = PBXGroup;
			children = (
				85E7E9FE1AD75BB600663F07 /* Day21XMPPTests.m */,
				85E7E9F91AD75BB600663F07 /* Supporting Files */,
			);
			path = Day21XMPPTests;
			sourceTree = "<group>";
		};
		85E7E9F91AD75BB600663F07 /* Supporting Files */ = {
			isa = PBXGroup;
			children = (
				85E7E9FA1AD75BB600663F07 /* Day21XMPPTests-Info.plist */,
				85E7E9FB1AD75BB600663F07 /* InfoPlist.strings */,
			);
			name = "Supporting Files";
			sourceTree = "<group>";
		};
/* End PBXGroup section */

/* Begin PBXNativeTarget section */
		85E7E9CF1AD75BB600663F07 /* Day21XMPP */ = {
			isa = PBXNativeTarget;
			buildConfigurationList = 85E7EA021AD75BB600663F07 /* Build configuration list for PBXNativeTarget "Day21XMPP" */;
			buildPhases = (
				85E7E9CC1AD75BB600663F07 /* Sources */,
				85E7E9CD1AD75BB600663F07 /* Frameworks */,
				85E7E9CE1AD75BB600663F07 /* Resources */,
			);
			buildRules = (
			);
			dependencies = (
			);
			name = Day21XMPP;
			productName = Day21XMPP;
			productReference = 85E7E9D01AD75BB600663F07 /* Day21XMPP.app */;
			productType = "com.apple.product-type.application";
		};
		85E7E9F01AD75BB600663F07 /* Day21XMPPTests */ = {
			isa = PBXNativeTarget;
			buildConfigurationList = 85E7EA051AD75BB600663F07 /* Build configuration list for PBXNativeTarget "Day21XMPPTests" */;
			buildPhases = (
				85E7E9ED1AD75BB600663F07 /* Sources */,
				85E7E9EE1AD75BB600663F07 /* Frameworks */,
				85E7E9EF1AD75BB600663F07 /* Resources */,
			);
			buildRules = (
			);
			dependencies = (
				85E7E9F71AD75BB600663F07 /* PBXTargetDependency */,
			);
			name = Day21XMPPTests;
			productName = Day21XMPPTests;
			productReference = 85E7E9F11AD75BB600663F07 /* Day21XMPPTests.xctest */;
			productType = "com.apple.product-type.bundle.unit-test";
		};
/* End PBXNativeTarget section */

/* Begin PBXProject section */
		85E7E9C81AD75BB600663F07 /* Project object */ = {
			isa = PBXProject;
			attributes = {
				LastUpgradeCheck = 0510;
				ORGANIZATIONNAME = tarena;
				TargetAttributes = {
					85E7E9F01AD75BB600663F07 = {
						TestTargetID = 85E7E9CF1AD75BB600663F07;
					};
				};
			};
			buildConfigurationList = 85E7E9CB1AD75BB600663F07 /* Build configuration list for PBXProject "Day21XMPP" */;
			compatibilityVersion = "Xcode 3.2";
			developmentRegion = English;
			hasScannedForEncodings = 0;
			knownRegions = (
				en,
				Base,
			);
			mainGroup = 85E7E9C71AD75BB600663F07;
			productRefGroup = 85E7E9D11AD75BB600663F07 /* Products */;
			projectDirPath = "";
			projectRoot = "";
			targets = (
				85E7E9CF1AD75BB600663F07 /* Day21XMPP */,
				85E7E9F01AD75BB600663F07 /* Day21XMPPTests */,
			);
		};
/* End PBXProject section */

/* Begin PBXResourcesBuildPhase section */
		85E7E9CE1AD75BB600663F07 /* Resources */ = {
			isa = PBXResourcesBuildPhase;
			buildActionMask = 2147483647;
			files = (
				85E7E9EC1AD75BB600663F07 /* Images.xcassets in Resources */,
				85E7E9DE1AD75BB600663F07 /* InfoPlist.strings in Resources */,
				85E7E9E71AD75BB600663F07 /* Main.storyboard in Resources */,
			);
			runOnlyForDeploymentPostprocessing = 0;
		};
		85E7E9EF1AD75BB600663F07 /* Resources */ = {
			isa = PBXResourcesBuildPhase;
			buildActionMask = 2147483647;
			files = (
				85E7E9FD1AD75BB600663F07 /* InfoPlist.strings in Resources */,
			);
			runOnlyForDeploymentPostprocessing = 0;
		};
/* End PBXResourcesBuildPhase section */

/* Begin PBXSourcesBuildPhase section */
		85E7E9CC1AD75BB600663F07 /* Sources */ = {
			isa = PBXSourcesBuildPhase;
			buildActionMask = 2147483647;
			files = (
				85E7E9EA1AD75BB600663F07 /* ViewController.m in Sources */,
				85E7E9E41AD75BB600663F07 /* AppDelegate.m in Sources */,
				85E7E9E01AD75BB600663F07 /* main.m in Sources */,
			);
			runOnlyForDeploymentPostprocessing = 0;
		};
		85E7E9ED1AD75BB600663F07 /* Sources */ = {
			isa = PBXSourcesBuildPhase;
			buildActionMask = 2147483647;
			files = (
				85E7E9FF1AD75BB600663F07 /* Day21XMPPTests.m in Sources */,
			);
			runOnlyForDeploymentPostprocessing = 0;
		};
/* End PBXSourcesBuildPhase section */

/* Begin PBXTargetDependency section */
		85E7E9F71AD75BB600663F07 /* PBXTargetDependency */ = {
			isa = PBXTargetDependency;
			target = 85E7E9CF1AD75BB600663F07 /* Day21XMPP */;
			targetProxy = 85E7E9F61AD75BB600663F07 /* PBXContainerItemProxy */;
		};
/* End PBXTargetDependency section */

/* Begin PBXVariantGroup section */
		85E7E9DC1AD75BB600663F07 /* InfoPlist.strings */ = {
			isa = PBXVariantGroup;
			children = (
				85E7E9DD1AD75BB600663F07 /* en */,
			);
			name = InfoPlist.strings;
			sourceTree = "<group>";
		};
		85E7E9E51AD75BB600663F07 /* Main.storyboard */ = {
			isa = PBXVariantGroup;
			children = (
				85E7E9E61AD75BB600663F07 /* Base */,
			);
			name = Main.storyboard;
			sourceTree = "<group>";
		};
		85E7E9FB1AD75BB600663F07 /* InfoPlist.strings */ = {
			isa = PBXVariantGroup;
			children = (
				85E7E9FC1AD75BB600663F07 /* en */,
			);
			name = InfoPlist.strings;
			sourceTree = "<group>";
		};
/* End PBXVariantGroup section */

/* Begin XCBuildConfiguration section */
		85E7EA001AD75BB600663F07 /* Debug */ = {
			isa = XCBuildConfiguration;
			buildSettings = {
				ALWAYS_SEARCH_USER_PATHS = NO;
				CLANG_CXX_LANGUAGE_STANDARD = "gnu++0x";
				CLANG_CXX_LIBRARY = "libc++";
				CLANG_ENABLE_MODULES = YES;
				CLANG_ENABLE_OBJC_ARC = YES;
				CLANG_WARN_BOOL_CONVERSION = YES;
				CLANG_WARN_CONSTANT_CONVERSION = YES;
				CLANG_WARN_DIRECT_OBJC_ISA_USAGE = YES_ERROR;
				CLANG_WARN_EMPTY_BODY = YES;
				CLANG_WARN_ENUM_CONVERSION = YES;
				CLANG_WARN_INT_CONVERSION = YES;
				CLANG_WARN_OBJC_ROOT_CLASS = YES_ERROR;
				CLANG_WARN__DUPLICATE_METHOD_MATCH = YES;
				"CODE_SIGN_IDENTITY[sdk=iphoneos*]" = "iPhone Developer";
				COPY_PHASE_STRIP = NO;
				GCC_C_LANGUAGE_STANDARD = gnu99;
				GCC_DYNAMIC_NO_PIC = NO;
				GCC_OPTIMIZATION_LEVEL = 0;
				GCC_PREPROCESSOR_DEFINITIONS = (
					"DEBUG=1",
					"$(inherited)",
				);
				GCC_SYMBOLS_PRIVATE_EXTERN = NO;
				GCC_WARN_64_TO_32_BIT_CONVERSION = YES;
				GCC_WARN_ABOUT_RETURN_TYPE = YES_ERROR;
				GCC_WARN_UNDECLARED_SELECTOR = YES;
				GCC_WARN_UNINITIALIZED_AUTOS = YES_AGGRESSIVE;
				GCC_WARN_UNUSED_FUNCTION = YES;
				GCC_WARN_UNUSED_VARIABLE = YES;
				IPHONEOS_DEPLOYMENT_TARGET = 7.1;
				ONLY_ACTIVE_ARCH = YES;
				SDKROOT = iphoneos;
			};
			name = Debug;
		};
		85E7EA011AD75BB600663F07 /* Release */ = {
			isa = XCBuildConfiguration;
			buildSettings = {
				ALWAYS_SEARCH_USER_PATHS = NO;
				CLANG_CXX_LANGUAGE_STANDARD = "gnu++0x";
				CLANG_CXX_LIBRARY = "libc++";
				CLANG_ENABLE_MODULES = YES;
				CLANG_ENABLE_OBJC_ARC = YES;
				CLANG_WARN_BOOL_CONVERSION = YES;
				CLANG_WARN_CONSTANT_CONVERSION = YES;
				CLANG_WARN_DIRECT_OBJC_ISA_USAGE = YES_ERROR;
				CLANG_WARN_EMPTY_BODY = YES;
				CLANG_WARN_ENUM_CONVERSION = YES;
				CLANG_WARN_INT_CONVERSION = YES;
				CLANG_WARN_OBJC_ROOT_CLASS = YES_ERROR;
				CLANG_WARN__DUPLICATE_METHOD_MATCH = YES;
				"CODE_SIGN_IDENTITY[sdk=iphoneos*]" = "iPhone Developer";
				COPY_PHASE_STRIP = YES;
				ENABLE_NS_ASSERTIONS = NO;
				GCC_C_LANGUAGE_STANDARD = gnu99;
				GCC_WARN_64_TO_32_BIT_CONVERSION = YES;
				GCC_WARN_ABOUT_RETURN_TYPE = YES_ERROR;
				GCC_WARN_UNDECLARED_SELECTOR = YES;
				GCC_WARN_UNINITIALIZED_AUTOS = YES_AGGRESSIVE;
				GCC_WARN_UNUSED_FUNCTION = YES;
				GCC_WARN_UNUSED_VARIABLE = YES;
				IPHONEOS_DEPLOYMENT_TARGET = 7.1;
				SDKROOT = iphoneos;
				VALIDATE_PRODUCT = YES;
			};
			name = Release;
		};
		85E7EA031AD75BB600663F07 /* Debug */ = {
			isa = XCBuildConfiguration;
			buildSettings = {
				ASSETCATALOG_COMPILER_APPICON_NAME = AppIcon;
				ASSETCATALOG_COMPILER_LAUNCHIMAGE_NAME = LaunchImage;
				GCC_PRECOMPILE_PREFIX_HEADER = YES;
				GCC_PREFIX_HEADER = "Day21XMPP/Day21XMPP-Prefix.pch";
				INFOPLIST_FILE = "Day21XMPP/Day21XMPP-Info.plist";
				PRODUCT_NAME = "$(TARGET_NAME)";
				WRAPPER_EXTENSION = app;
			};
			name = Debug;
		};
		85E7EA041AD75BB600663F07 /* Release */ = {
			isa = XCBuildConfiguration;
			buildSettings = {
				ASSETCATALOG_COMPILER_APPICON_NAME = AppIcon;
				ASSETCATALOG_COMPILER_LAUNCHIMAGE_NAME = LaunchImage;
				GCC_PRECOMPILE_PREFIX_HEADER = YES;
				GCC_PREFIX_HEADER = "Day21XMPP/Day21XMPP-Prefix.pch";
				INFOPLIST_FILE = "Day21XMPP/Day21XMPP-Info.plist";
				PRODUCT_NAME = "$(TARGET_NAME)";
				WRAPPER_EXTENSION = app;
			};
			name = Release;
		};
		85E7EA061AD75BB600663F07 /* Debug */ = {
			isa = XCBuildConfiguration;
			buildSettings = {
				BUNDLE_LOADER = "$(BUILT_PRODUCTS_DIR)/Day21XMPP.app/Day21XMPP";
				FRAMEWORK_SEARCH_PATHS = (
					"$(SDKROOT)/Developer/Library/Frameworks",
					"$(inherited)",
					"$(DEVELOPER_FRAMEWORKS_DIR)",
				);
				GCC_PRECOMPILE_PREFIX_HEADER = YES;
				GCC_PREFIX_HEADER = "Day21XMPP/Day21XMPP-Prefix.pch";
				GCC_PREPROCESSOR_DEFINITIONS = (
					"DEBUG=1",
					"$(inherited)",
				);
				INFOPLIST_FILE = "Day21XMPPTests/Day21XMPPTests-Info.plist";
				PRODUCT_NAME = "$(TARGET_NAME)";
				TEST_HOST = "$(BUNDLE_LOADER)";
				WRAPPER_EXTENSION = xctest;
			};
			name = Debug;
		};
		85E7EA071AD75BB600663F07 /* Release */ = {
			isa = XCBuildConfiguration;
			buildSettings = {
				BUNDLE_LOADER = "$(BUILT_PRODUCTS_DIR)/Day21XMPP.app/Day21XMPP";
				FRAMEWORK_SEARCH_PATHS = (
					"$(SDKROOT)/Developer/Library/Frameworks",
					"$(inherited)",
					"$(DEVELOPER_FRAMEWORKS_DIR)",
				);
				GCC_PRECOMPILE_PREFIX_HEADER = YES;
				GCC_PREFIX_HEADER = "Day21XMPP/Day21XMPP-Prefix.pch";
				INFOPLIST_FILE = "Day21XMPPTests/Day21XMPPTests-Info.plist";
				PRODUCT_NAME = "$(TARGET_NAME)";
				TEST_HOST = "$(BUNDLE_LOADER)";
				WRAPPER_EXTENSION = xctest;
			};
			name = Release;
		};
/* End XCBuildConfiguration section */

/* Begin XCConfigurationList section */
		85E7E9CB1AD75BB600663F07 /* Build configuration list for PBXProject "Day21XMPP" */ = {
			isa = XCConfigurationList;
			buildConfigurations = (
				85E7EA001AD75BB600663F07 /* Debug */,
				85E7EA011AD75BB600663F07 /* Release */,
			);
			defaultConfigurationIsVisible = 0;
			defaultConfigurationName = Release;
		};
		85E7EA021AD75BB600663F07 /* Build configuration list for PBXNativeTarget "Day21XMPP" */ = {
			isa = XCConfigurationList;
			buildConfigurations = (
				85E7EA031AD75BB600663F07 /* Debug */,
				85E7EA041AD75BB600663F07 /* Release */,
			);
			defaultConfigurationIsVisible = 0;
		};
		85E7EA051AD75BB600663F07 /* Build configuration list for PBXNativeTarget "Day21XMPPTests" */ = {
			isa = XCConfigurationList;
			buildConfigurations = (
				85E7EA061AD75BB600663F07 /* Debug */,
				85E7EA071AD75BB600663F07 /* Release */,
			);
			defaultConfigurationIsVisible = 0;
		};
/* End XCConfigurationList section */
	};
	rootObject = 85E7E9C81AD75BB600663F07 /* Project object */;
}
